# udea net-protocol.lock — THE WIRE CONTRACT.
#
# Component ids, field order, field widths, quantisation ranges and enum constant
# order are what a running server and a connected client agree on. Changing anything
# below breaks every client already speaking this protocol and every recorded replay.
# `gradlew udeaCheckProtocolLock` compares this file against the protocol the build
# generated and fails when they disagree; rewrite it deliberately, and review the
# diff, with `gradlew udeaWriteProtocolLock`.
#
# Ids are assigned from the sorted list of fully-qualified component names, so
# inserting a component renumbers its successors. protoHash is a u16 over the
# non-comment content below and is carried in byte 0 of every packet.
#
# Generated by udea-codegen. Do not edit by hand.
lockFormat 1
protoHash 0xad48
component 23 dev.wildware.udea.core.physics.Box
  field 0 halfHeight f32:32
  field 1 halfWidth f32:32
component 24 dev.wildware.udea.core.physics.Capsule
  field 0 halfHeight f32:32
  field 1 radius f32:32
component 25 dev.wildware.udea.core.physics.Circle
  field 0 radius f32:32
component 26 dev.wildware.udea.core.physics.PhysicsBody
  field 0 angle f32:32
  field 1 angularVelocity f32:32
  field 2 awake bool:1
  field 3 isSensor bool:1
  field 4 kind enum:32:Static,Kinematic,Dynamic
  field 5 linearX f32:32
  field 6 linearY f32:32
  field 7 x f32:32
  field 8 y f32:32
component 27 dev.wildware.udea.core.physics.Teleport
  field 0 angle f32:32
  field 1 x f32:32
  field 2 y f32:32
component 28 dev.wildware.udea.core.spatial.Animator
  field 0 current.clip i32:32
  field 1 current.length i64:64
  field 2 current.loop enum:32:Once,Repeat
  field 3 current.speed f32:32
  field 4 current.start tick:64
  field 5 fadeLength i64:64
  field 6 fadeStart tick:64
  field 7 previous.clip i32:32
  field 8 previous.length i64:64
  field 9 previous.loop enum:32:Once,Repeat
  field 10 previous.speed f32:32
  field 11 previous.start tick:64
component 29 dev.wildware.udea.core.spatial.AttachedTo
  field 0 node i32:32
  field 1 nodeQw f32:32
  field 2 nodeQx f32:32
  field 3 nodeQy f32:32
  field 4 nodeQz f32:32
  field 5 nodeScaleX f32:32
  field 6 nodeScaleY f32:32
  field 7 nodeScaleZ f32:32
  field 8 nodeX f32:32
  field 9 nodeY f32:32
  field 10 nodeZ f32:32
  field 11 offsetRotationX f32:32
  field 12 offsetRotationY f32:32
  field 13 offsetRotationZ f32:32
  field 14 offsetX f32:32
  field 15 offsetY f32:32
  field 16 offsetZ f32:32
  field 17 parent netid:32
component 30 dev.wildware.udea.core.spatial.Transform3D
  field 0 rotationX f32:32
  field 1 rotationY f32:32
  field 2 rotationZ f32:32
  field 3 scaleX f32:32
  field 4 scaleY f32:32
  field 5 scaleZ f32:32
  field 6 x f32:32
  field 7 y f32:32
  field 8 z f32:32
