# udea net-protocol.lock — THE WIRE CONTRACT.
#
# Component ids, field order, field widths, quantisation ranges and enum constant
# order are what a running server and a connected client agree on. Changing anything
# below breaks every client already speaking this protocol and every recorded replay.
# `gradlew udeaCheckProtocolLock` compares this file against the protocol the build
# generated and fails when they disagree; rewrite it deliberately, and review the
# diff, with `gradlew udeaWriteProtocolLock`.
#
# Ids are assigned from the sorted list of fully-qualified component names, so
# inserting a component renumbers its successors. protoHash is a u16 over the
# non-comment content below and is carried in byte 0 of every packet.
#
# Generated by udea-codegen. Do not edit by hand.
lockFormat 1
protoHash 0xdb68
component 0 dev.wildware.moba.CharacterView
  field 0 character i32:32
  field 1 flipX bool:1
  field 2 startTick i64:64
  field 3 state enum:32:Idle,Walk,Attack,Hit,Death
component 1 dev.wildware.moba.Player
  field 0 facing f32:32
  field 1 moveX f32:32
  field 2 moveY f32:32
component 2 dev.wildware.moba.Position
  field 0 hp f32:32
  field 1 x f32:32
  field 2 y f32:32
component 3 dev.wildware.moba.ability.Combatant
  field 0 teamId i32:32:oncreate
component 4 dev.wildware.moba.ability.Corpse
  field 0 diedTick i64:64
component 5 dev.wildware.moba.ability.Motion
  field 0 damping f32:32
  field 1 vx f32:32
  field 2 vy f32:32
component 6 dev.wildware.moba.ability.Projectile
  field 0 damage f32:32
  field 1 hitRadius f32:32
  field 2 knockback f32:32
  field 3 lifeTicks i32:32
  field 4 owner netid:32
  field 5 stunTicks i32:32
  field 6 teamId i32:32
component 7 dev.wildware.moba.level.GameUnit
  field 0 kind i32:32
  field 1 targetRaw i32:32
  field 2 team i32:32
component 8 dev.wildware.moba.match.MatchState
  field 0 endedTick i64:64
  field 1 matchNumber i32:32
  field 2 orcAlive i32:32
  field 3 phase enum:32:Fighting,Ended,Restarting
  field 4 seed i64:64
  field 5 soldierAlive i32:32
  field 6 startedTick i64:64
  field 7 undeadAlive i32:32
  field 8 winner i32:32
component 9 dev.wildware.moba.match.Respawn
  field 0 deaths i32:32
  field 1 maxHealth f32:32
  field 2 readyTick i64:64
  field 3 spawnX f32:32
  field 4 spawnY f32:32
