# udea net-protocol.lock — THE WIRE CONTRACT.
#
# Component ids, field order, field widths, quantisation ranges and enum constant
# order are what a running server and a connected client agree on. Changing anything
# below breaks every client already speaking this protocol and every recorded replay.
# `gradlew udeaCheckProtocolLock` compares this file against the protocol the build
# generated and fails when they disagree; rewrite it deliberately, and review the
# diff, with `gradlew udeaWriteProtocolLock`.
#
# Ids are assigned from the sorted list of fully-qualified component names, so
# inserting a component renumbers its successors. protoHash is a u16 over the
# non-comment content below and is carried in byte 0 of every packet.
#
# Generated by udea-codegen. Do not edit by hand.
lockFormat 1
protoHash 0x0da5
component 0 dev.wildware.moba.Position
  field 0 hp f32:32
  field 1 x f32:32
  field 2 y f32:32
component 1 dev.wildware.moba.level.GameUnit
  field 0 kind i32:32
  field 1 targetRaw i32:32
  field 2 team i32:32
