# udea net-protocol.lock — THE WIRE CONTRACT.
#
# Component ids, field order, field widths, quantisation ranges and enum constant
# order are what a running server and a connected client agree on. Changing anything
# below breaks every client already speaking this protocol and every recorded replay.
# `gradlew udeaCheckProtocolLock` compares this file against the protocol the build
# generated and fails when they disagree; rewrite it deliberately, and review the
# diff, with `gradlew udeaWriteProtocolLock`.
#
# Ids are assigned from the sorted list of fully-qualified component names, so
# inserting a component renumbers its successors. protoHash is a u16 over the
# non-comment content below and is carried in byte 0 of every packet.
#
# Generated by udea-codegen. Do not edit by hand.
lockFormat 1
protoHash 0xf167
component 16 dev.wildware.udea.codegen.fixtures.AiBlackboard
  field 0 aggression f32:32
  field 1 alerted bool:1
  field 2 lastSeenTick i64:64
  field 3 patrolIndex i32:32
component 17 dev.wildware.udea.codegen.fixtures.Combat
  field 0 chargeFraction f32:32
  field 1 lastAttacker netid:32
  field 2 target netid:32
component 18 dev.wildware.udea.codegen.fixtures.Health
  field 0 current f32:32
  field 1 invulnerable bool:1
  field 2 lastDamageTick i64:64
  field 3 maximum f32:32
component 19 dev.wildware.udea.codegen.fixtures.Movement
  field 0 groundedTicks i64:64
  field 1 jumpsRemaining i32:32
  field 2 speed f32:32
  field 3 stance enum:32:Standing,Crouching,Sprinting
component 20 dev.wildware.udea.codegen.fixtures.Placement
  field 0 position.x f32:32
  field 1 position.y f32:32
  field 2 rotation q:12:-3.1416:3.1416
  field 3 settledAt tick:64
component 21 dev.wildware.udea.codegen.fixtures.QuantisedProbe
  field 0 angle q:12:-3.1416:3.1416
  field 1 axis q:16:-1024.0:1024.0
  field 2 fraction q:8:0.0:1.0
  field 3 pool q:14:0.0:5000.0
