# udea net-protocol.lock — THE WIRE CONTRACT.
#
# Component ids, field order, field widths, quantisation ranges and enum constant
# order are what a running server and a connected client agree on. Changing anything
# below breaks every client already speaking this protocol and every recorded replay.
# `gradlew udeaCheckProtocolLock` compares this file against the protocol the build
# generated and fails when they disagree; rewrite it deliberately, and review the
# diff, with `gradlew udeaWriteProtocolLock`.
#
# Ids are assigned from the sorted list of fully-qualified component names, so
# inserting a component renumbers its successors. protoHash is a u16 over the
# non-comment content below and is carried in byte 0 of every packet.
#
# Generated by udea-codegen. Do not edit by hand.
lockFormat 1
protoHash 0x3d9a
component 0 dev.wildware.hollow.Fox
  field 0 decideAt tick:64
  field 1 goalX f32:32
  field 2 goalY f32:32
  field 3 heading f32:32
  field 4 mode enum:32:Wander,Chase,Flee,Dead
  field 5 target netid:32
component 1 dev.wildware.hollow.Player
  field 0 attack bool:1
  field 1 attackReady tick:64
  field 2 dash bool:1
  field 3 dashReady tick:64
  field 4 faceX f32:32
  field 5 faceY f32:32
  field 6 heading f32:32
  field 7 heal bool:1
  field 8 healReady tick:64
  field 9 moveX f32:32
  field 10 moveY f32:32
  field 11 owner i32:32
  field 12 running bool:1
